// !$*UTF8*$!
{
	archiveVersion = 1;
	classes = {
	};
	objectVersion = 50;
	objects = {

/* Begin PBXBuildFile section */
		CE9DAA5426FA791900ACB8C1 /* AppDelegate.swift in Sources */ = {isa = PBXBuildFile; fileRef = CE9DAA5326FA791900ACB8C1 /* AppDelegate.swift */; };
		CE9DAA5626FA791900ACB8C1 /* SceneDelegate.swift in Sources */ = {isa = PBXBuildFile; fileRef = CE9DAA5526FA791900ACB8C1 /* SceneDelegate.swift */; };
		CE9DAA5826FA791900ACB8C1 /* ViewController.swift in Sources */ = {isa = PBXBuildFile; fileRef = CE9DAA5726FA791900ACB8C1 /* ViewController.swift */; };
		CE9DAA5B26FA791900ACB8C1 /* Main.storyboard in Resources */ = {isa = PBXBuildFile; fileRef = CE9DAA5926FA791900ACB8C1 /* Main.storyboard */; };
		CE9DAA5E26FA791900ACB8C1 /* GradesFunctionMiniApp.xcdatamodeld in Sources */ = {isa = PBXBuildFile; fileRef = CE9DAA5C26FA791900ACB8C1 /* GradesFunctionMiniApp.xcdatamodeld */; };
		CE9DAA6026FA791A00ACB8C1 /* Assets.xcassets in Resources */ = {isa = PBXBuildFile; fileRef = CE9DAA5F26FA791A00ACB8C1 /* Assets.xcassets */; };
		CE9DAA6326FA791A00ACB8C1 /* LaunchScreen.storyboard in Resources */ = {isa = PBXBuildFile; fileRef = CE9DAA6126FA791A00ACB8C1 /* LaunchScreen.storyboard */; };
/* End PBXBuildFile section */

/* Begin PBXFileReference section */
		CE9DAA5026FA791900ACB8C1 /* GradesFunctionMiniApp.app */ = {isa = PBXFileReference; explicitFileType = wrapper.application; includeInIndex = 0; path = GradesFunctionMiniApp.app; sourceTree = BUILT_PRODUCTS_DIR; };
		CE9DAA5326FA791900ACB8C1 /* AppDelegate.swift */ = {isa = PBXFileReference; lastKnownFileType = sourcecode.swift; path = AppDelegate.swift; sourceTree = "<group>"; };
		CE9DAA5526FA791900ACB8C1 /* SceneDelegate.swift */ = {isa = PBXFileReference; lastKnownFileType = sourcecode.swift; path = SceneDelegate.swift; sourceTree = "<group>"; };
		CE9DAA5726FA791900ACB8C1 /* ViewController.swift */ = {isa = PBXFileReference; lastKnownFileType = sourcecode.swift; path = ViewController.swift; sourceTree = "<group>"; };
		CE9DAA5A26FA791900ACB8C1 /* Base */ = {isa = PBXFileReference; lastKnownFileType = file.storyboard; name = Base; path = Base.lproj/Main.storyboard; sourceTree = "<group>"; };
		CE9DAA5D26FA791900ACB8C1 /* GradesFunctionMiniApp.xcdatamodel */ = {isa = PBXFileReference; lastKnownFileType = wrapper.xcdatamodel; path = GradesFunctionMiniApp.xcdatamodel; sourceTree = "<group>"; };
		CE9DAA5F26FA791A00ACB8C1 /* Assets.xcassets */ = {isa = PBXFileReference; lastKnownFileType = folder.assetcatalog; path = Assets.xcassets; sourceTree = "<group>"; };
		CE9DAA6226FA791A00ACB8C1 /* Base */ = {isa = PBXFileReference; lastKnownFileType = file.storyboard; name = Base; path = Base.lproj/LaunchScreen.storyboard; sourceTree = "<group>"; };
		CE9DAA6426FA791A00ACB8C1 /* Info.plist */ = {isa = PBXFileReference; lastKnownFileType = text.plist.xml; path = Info.plist; sourceTree = "<group>"; };
/* End PBXFileReference section */

/* Begin PBXFrameworksBuildPhase section */
		CE9DAA4D26FA791900ACB8C1 /* Frameworks */ = {
			isa = PBXFrameworksBuildPhase;
			buildActionMask = 2147483647;
			files = (
			);
			runOnlyForDeploymentPostprocessing = 0;
		};
/* End PBXFrameworksBuildPhase section */

/* Begin PBXGroup section */
		CE9DAA4726FA791900ACB8C1 = {
			isa = PBXGroup;
			children = (
				CE9DAA5226FA791900ACB8C1 /* GradesFunctionMiniApp */,
				CE9DAA5126FA791900ACB8C1 /* Products */,
			);
			sourceTree = "<group>";
		};
		CE9DAA5126FA791900ACB8C1 /* Products */ = {
			isa = PBXGroup;
			children = (
				CE9DAA5026FA791900ACB8C1 /* GradesFunctionMiniApp.app */,
			);
			name = Products;
			sourceTree = "<group>";
		};
		CE9DAA5226FA791900ACB8C1 /* GradesFunctionMiniApp */ = {
			isa = PBXGroup;
			children = (
				CE9DAA5326FA791900ACB8C1 /* AppDelegate.swift */,
				CE9DAA5526FA791900ACB8C1 /* SceneDelegate.swift */,
				CE9DAA5726FA791900ACB8C1 /* ViewController.swift */,
				CE9DAA5926FA791900ACB8C1 /* Main.storyboard */,
				CE9DAA5F26FA791A00ACB8C1 /* Assets.xcassets */,
				CE9DAA6126FA791A00ACB8C1 /* LaunchScreen.storyboard */,
				CE9DAA6426FA791A00ACB8C1 /* Info.plist */,
				CE9DAA5C26FA791900ACB8C1 /* GradesFunctionMiniApp.xcdatamodeld */,
			);
			path = GradesFunctionMiniApp;
			sourceTree = "<group>";
		};
/* End PBXGroup section */

/* Begin PBXNativeTarget section */
		CE9DAA4F26FA791900ACB8C1 /* GradesFunctionMiniApp */ = {
			isa = PBXNativeTarget;
			buildConfigurationList = CE9DAA6726FA791A00ACB8C1 /* Build configuration list for PBXNativeTarget "GradesFunctionMiniApp" */;
			buildPhases = (
				CE9DAA4C26FA791900ACB8C1 /* Sources */,
				CE9DAA4D26FA791900ACB8C1 /* Frameworks */,
				CE9DAA4E26FA791900ACB8C1 /* Resources */,
			);
			buildRules = (
			);
			dependencies = (
			);
			name = GradesFunctionMiniApp;
			productName = GradesFunctionMiniApp;
			productReference = CE9DAA5026FA791900ACB8C1 /* GradesFunctionMiniApp.app */;
			productType = "com.apple.product-type.application";
		};
/* End PBXNativeTarget section */

/* Begin PBXProject section */
		CE9DAA4826FA791900ACB8C1 /* Project object */ = {
			isa = PBXProject;
			attributes = {
				LastSwiftUpdateCheck = 1250;
				LastUpgradeCheck = 1250;
				TargetAttributes = {
					CE9DAA4F26FA791900ACB8C1 = {
						CreatedOnToolsVersion = 12.5.1;
					};
				};
			};
			buildConfigurationList = CE9DAA4B26FA791900ACB8C1 /* Build configuration list for PBXProject "GradesFunctionMiniApp" */;
			compatibilityVersion = "Xcode 9.3";
			developmentRegion = en;
			hasScannedForEncodings = 0;
			knownRegions = (
				en,
				Base,
			);
			mainGroup = CE9DAA4726FA791900ACB8C1;
			productRefGroup = CE9DAA5126FA791900ACB8C1 /* Products */;
			projectDirPath = "";
			projectRoot = "";
			targets = (
				CE9DAA4F26FA791900ACB8C1 /* GradesFunctionMiniApp */,
			);
		};
/* End PBXProject section */

/* Begin PBXResourcesBuildPhase section */
		CE9DAA4E26FA791900ACB8C1 /* Resources */ = {
			isa = PBXResourcesBuildPhase;
			buildActionMask = 2147483647;
			files = (
				CE9DAA6326FA791A00ACB8C1 /* LaunchScreen.storyboard in Resources */,
				CE9DAA6026FA791A00ACB8C1 /* Assets.xcassets in Resources */,
				CE9DAA5B26FA791900ACB8C1 /* Main.storyboard in Resources */,
			);
			runOnlyForDeploymentPostprocessing = 0;
		};
/* End PBXResourcesBuildPhase section */

/* Begin PBXSourcesBuildPhase section */
		CE9DAA4C26FA791900ACB8C1 /* Sources */ = {
			isa = PBXSourcesBuildPhase;
			buildActionMask = 2147483647;
			files = (
				CE9DAA5E26FA791900ACB8C1 /* GradesFunctionMiniApp.xcdatamodeld in Sources */,
				CE9DAA5826FA791900ACB8C1 /* ViewController.swift in Sources */,
				CE9DAA5426FA791900ACB8C1 /* AppDelegate.swift in Sources */,
				CE9DAA5626FA791900ACB8C1 /* SceneDelegate.swift in Sources */,
			);
			runOnlyForDeploymentPostprocessing = 0;
		};
/* End PBXSourcesBuildPhase section */

/* Begin PBXVariantGroup section */
		CE9DAA5926FA791900ACB8C1 /* Main.storyboard */ = {
			isa = PBXVariantGroup;
			children = (
				CE9DAA5A26FA791900ACB8C1 /* Base */,
			);
			name = Main.storyboard;
			sourceTree = "<group>";
		};
		CE9DAA6126FA791A00ACB8C1 /* LaunchScreen.storyboard */ = {
			isa = PBXVariantGroup;
			children = (
				CE9DAA6226FA791A00ACB8C1 /* Base */,
			);
			name = LaunchScreen.storyboard;
			sourceTree = "<group>";
		};
/* End PBXVariantGroup section */

/* Begin XCBuildConfiguration section */
		CE9DAA6526FA791A00ACB8C1 /* Debug */ = {
			isa = XCBuildConfiguration;
			buildSettings = {
				ALWAYS_SEARCH_USER_PATHS = NO;
				CLANG_ANALYZER_NONNULL = YES;
				CLANG_ANALYZER_NUMBER_OBJECT_CONVERSION = YES_AGGRESSIVE;
				CLANG_CXX_LANGUAGE_STANDARD = "gnu++14";
				CLANG_CXX_LIBRARY = "libc++";
				CLANG_ENABLE_MODULES = YES;
				CLANG_ENABLE_OBJC_ARC = YES;
				CLANG_ENABLE_OBJC_WEAK = YES;
				CLANG_WARN_BLOCK_CAPTURE_AUTORELEASING = YES;
				CLANG_WARN_BOOL_CONVERSION = YES;
				CLANG_WARN_COMMA = YES;
				CLANG_WARN_CONSTANT_CONVERSION = YES;
				CLANG_WARN_DEPRECATED_OBJC_IMPLEMENTATIONS = YES;
				CLANG_WARN_DIRECT_OBJC_ISA_USAGE = YES_ERROR;
				CLANG_WARN_DOCUMENTATION_COMMENTS = YES;
				CLANG_WARN_EMPTY_BODY = YES;
				CLANG_WARN_ENUM_CONVERSION = YES;
				CLANG_WARN_INFINITE_RECURSION = YES;
				CLANG_WARN_INT_CONVERSION = YES;
				CLANG_WARN_NON_LITERAL_NULL_CONVERSION = YES;
				CLANG_WARN_OBJC_IMPLICIT_RETAIN_SELF = YES;
				CLANG_WARN_OBJC_LITERAL_CONVERSION = YES;
				CLANG_WARN_OBJC_ROOT_CLASS = YES_ERROR;
				CLANG_WARN_QUOTED_INCLUDE_IN_FRAMEWORK_HEADER = YES;
				CLANG_WARN_RANGE_LOOP_ANALYSIS = YES;
				CLANG_WARN_STRICT_PROTOTYPES = YES;
				CLANG_WARN_SUSPICIOUS_MOVE = YES;
				CLANG_WARN_UNGUARDED_AVAILABILITY = YES_AGGRESSIVE;
				CLANG_WARN_UNREACHABLE_CODE = YES;
				CLANG_WARN__DUPLICATE_METHOD_MATCH = YES;
				COPY_PHASE_STRIP = NO;
				DEBUG_INFORMATION_FORMAT = dwarf;
				ENABLE_STRICT_OBJC_MSGSEND = YES;
				ENABLE_TESTABILITY = YES;
				GCC_C_LANGUAGE_STANDARD = gnu11;
				GCC_DYNAMIC_NO_PIC = NO;
				GCC_NO_COMMON_BLOCKS = YES;
				GCC_OPTIMIZATION_LEVEL = 0;
				GCC_PREPROCESSOR_DEFINITIONS = (
					"DEBUG=1",
					"$(inherited)",
				);
				GCC_WARN_64_TO_32_BIT_CONVERSION = YES;
				GCC_WARN_ABOUT_RETURN_TYPE = YES_ERROR;
				GCC_WARN_UNDECLARED_SELECTOR = YES;
				GCC_WARN_UNINITIALIZED_AUTOS = YES_AGGRESSIVE;
				GCC_WARN_UNUSED_FUNCTION = YES;
				GCC_WARN_UNUSED_VARIABLE = YES;
				IPHONEOS_DEPLOYMENT_TARGET = 14.5;
				MTL_ENABLE_DEBUG_INFO = INCLUDE_SOURCE;
				MTL_FAST_MATH = YES;
				ONLY_ACTIVE_ARCH = YES;
				SDKROOT = iphoneos;
				SWIFT_ACTIVE_COMPILATION_CONDITIONS = DEBUG;
				SWIFT_OPTIMIZATION_LEVEL = "-Onone";
			};
			name = Debug;
		};
		CE9DAA6626FA791A00ACB8C1 /* Release */ = {
			isa = XCBuildConfiguration;
			buildSettings = {
				ALWAYS_SEARCH_USER_PATHS = NO;
				CLANG_ANALYZER_NONNULL = YES;
				CLANG_ANALYZER_NUMBER_OBJECT_CONVERSION = YES_AGGRESSIVE;
				CLANG_CXX_LANGUAGE_STANDARD = "gnu++14";
				CLANG_CXX_LIBRARY = "libc++";
				CLANG_ENABLE_MODULES = YES;
				CLANG_ENABLE_OBJC_ARC = YES;
				CLANG_ENABLE_OBJC_WEAK = YES;
				CLANG_WARN_BLOCK_CAPTURE_AUTORELEASING = YES;
				CLANG_WARN_BOOL_CONVERSION = YES;
				CLANG_WARN_COMMA = YES;
				CLANG_WARN_CONSTANT_CONVERSION = YES;
				CLANG_WARN_DEPRECATED_OBJC_IMPLEMENTATIONS = YES;
				CLANG_WARN_DIRECT_OBJC_ISA_USAGE = YES_ERROR;
				CLANG_WARN_DOCUMENTATION_COMMENTS = YES;
				CLANG_WARN_EMPTY_BODY = YES;
				CLANG_WARN_ENUM_CONVERSION = YES;
				CLANG_WARN_INFINITE_RECURSION = YES;
				CLANG_WARN_INT_CONVERSION = YES;
				CLANG_WARN_NON_LITERAL_NULL_CONVERSION = YES;
				CLANG_WARN_OBJC_IMPLICIT_RETAIN_SELF = YES;
				CLANG_WARN_OBJC_LITERAL_CONVERSION = YES;
				CLANG_WARN_OBJC_ROOT_CLASS = YES_ERROR;
				CLANG_WARN_QUOTED_INCLUDE_IN_FRAMEWORK_HEADER = YES;
				CLANG_WARN_RANGE_LOOP_ANALYSIS = YES;
				CLANG_WARN_STRICT_PROTOTYPES = YES;
				CLANG_WARN_SUSPICIOUS_MOVE = YES;
				CLANG_WARN_UNGUARDED_AVAILABILITY = YES_AGGRESSIVE;
				CLANG_WARN_UNREACHABLE_CODE = YES;
				CLANG_WARN__DUPLICATE_METHOD_MATCH = YES;
				COPY_PHASE_STRIP = NO;
				DEBUG_INFORMATION_FORMAT = "dwarf-with-dsym";
				ENABLE_NS_ASSERTIONS = NO;
				ENABLE_STRICT_OBJC_MSGSEND = YES;
				GCC_C_LANGUAGE_STANDARD = gnu11;
				GCC_NO_COMMON_BLOCKS = YES;
				GCC_WARN_64_TO_32_BIT_CONVERSION = YES;
				GCC_WARN_ABOUT_RETURN_TYPE = YES_ERROR;
				GCC_WARN_UNDECLARED_SELECTOR = YES;
				GCC_WARN_UNINITIALIZED_AUTOS = YES_AGGRESSIVE;
				GCC_WARN_UNUSED_FUNCTION = YES;
				GCC_WARN_UNUSED_VARIABLE = YES;
				IPHONEOS_DEPLOYMENT_TARGET = 14.5;
				MTL_ENABLE_DEBUG_INFO = NO;
				MTL_FAST_MATH = YES;
				SDKROOT = iphoneos;
				SWIFT_COMPILATION_MODE = wholemodule;
				SWIFT_OPTIMIZATION_LEVEL = "-O";
				VALIDATE_PRODUCT = YES;
			};
			name = Release;
		};
		CE9DAA6826FA791A00ACB8C1 /* Debug */ = {
			isa = XCBuildConfiguration;
			buildSettings = {
				ASSETCATALOG_COMPILER_APPICON_NAME = AppIcon;
				ASSETCATALOG_COMPILER_GLOBAL_ACCENT_COLOR_NAME = AccentColor;
				CODE_SIGN_STYLE = Automatic;
				DEVELOPMENT_TEAM = PVK3WGSZ4A;
				INFOPLIST_FILE = GradesFunctionMiniApp/Info.plist;
				LD_RUNPATH_SEARCH_PATHS = (
					"$(inherited)",
					"@executable_path/Frameworks",
				);
				PRODUCT_BUNDLE_IDENTIFIER = CLC.GradesFunctionMiniApp;
				PRODUCT_NAME = "$(TARGET_NAME)";
				SWIFT_VERSION = 5.0;
				TARGETED_DEVICE_FAMILY = "1,2";
			};
			name = Debug;
		};
		CE9DAA6926FA791A00ACB8C1 /* Release */ = {
			isa = XCBuildConfiguration;
			buildSettings = {
				ASSETCATALOG_COMPILER_APPICON_NAME = AppIcon;
				ASSETCATALOG_COMPILER_GLOBAL_ACCENT_COLOR_NAME = AccentColor;
				CODE_SIGN_STYLE = Automatic;
				DEVELOPMENT_TEAM = PVK3WGSZ4A;
				INFOPLIST_FILE = GradesFunctionMiniApp/Info.plist;
				LD_RUNPATH_SEARCH_PATHS = (
					"$(inherited)",
					"@executable_path/Frameworks",
				);
				PRODUCT_BUNDLE_IDENTIFIER = CLC.GradesFunctionMiniApp;
				PRODUCT_NAME = "$(TARGET_NAME)";
				SWIFT_VERSION = 5.0;
				TARGETED_DEVICE_FAMILY = "1,2";
			};
			name = Release;
		};
/* End XCBuildConfiguration section */

/* Begin XCConfigurationList section */
		CE9DAA4B26FA791900ACB8C1 /* Build configuration list for PBXProject "GradesFunctionMiniApp" */ = {
			isa = XCConfigurationList;
			buildConfigurations = (
				CE9DAA6526FA791A00ACB8C1 /* Debug */,
				CE9DAA6626FA791A00ACB8C1 /* Release */,
			);
			defaultConfigurationIsVisible = 0;
			defaultConfigurationName = Release;
		};
		CE9DAA6726FA791A00ACB8C1 /* Build configuration list for PBXNativeTarget "GradesFunctionMiniApp" */ = {
			isa = XCConfigurationList;
			buildConfigurations = (
				CE9DAA6826FA791A00ACB8C1 /* Debug */,
				CE9DAA6926FA791A00ACB8C1 /* Release */,
			);
			defaultConfigurationIsVisible = 0;
			defaultConfigurationName = Release;
		};
/* End XCConfigurationList section */

/* Begin XCVersionGroup section */
		CE9DAA5C26FA791900ACB8C1 /* GradesFunctionMiniApp.xcdatamodeld */ = {
			isa = XCVersionGroup;
			children = (
				CE9DAA5D26FA791900ACB8C1 /* GradesFunctionMiniApp.xcdatamodel */,
			);
			currentVersion = CE9DAA5D26FA791900ACB8C1 /* GradesFunctionMiniApp.xcdatamodel */;
			path = GradesFunctionMiniApp.xcdatamodeld;
			sourceTree = "<group>";
			versionGroupType = wrapper.xcdatamodel;
		};
/* End XCVersionGroup section */
	};
	rootObject = CE9DAA4826FA791900ACB8C1 /* Project object */;
}
